// !$*UTF8*$!
{
	archiveVersion = 1;
	classes = {
	};
	objectVersion = 50;
	objects = {

/* Begin PBXBuildFile section */
		B3EDEB9C21BAC11900D3F275 /* AppDelegate.swift in Sources */ = {isa = PBXBuildFile; fileRef = B3EDEB9B21BAC11900D3F275 /* AppDelegate.swift */; };
		B3EDEB9E21BAC11900D3F275 /* ViewController.swift in Sources */ = {isa = PBXBuildFile; fileRef = B3EDEB9D21BAC11900D3F275 /* ViewController.swift */; };
		B3EDEBA121BAC11900D3F275 /* Main.storyboard in Resources */ = {isa = PBXBuildFile; fileRef = B3EDEB9F21BAC11900D3F275 /* Main.storyboard */; };
		B3EDEBA321BAC11B00D3F275 /* Assets.xcassets in Resources */ = {isa = PBXBuildFile; fileRef = B3EDEBA221BAC11B00D3F275 /* Assets.xcassets */; };
		B3EDEBA621BAC11B00D3F275 /* LaunchScreen.storyboard in Resources */ = {isa = PBXBuildFile; fileRef = B3EDEBA421BAC11B00D3F275 /* LaunchScreen.storyboard */; };
		B3EDEBB121BAC11B00D3F275 /* WKNativeBridgeTests.swift in Sources */ = {isa = PBXBuildFile; fileRef = B3EDEBB021BAC11B00D3F275 /* WKNativeBridgeTests.swift */; };
		B3EDEBBD21BAC22E00D3F275 /* WKNativeBridge.swift in Sources */ = {isa = PBXBuildFile; fileRef = B3EDEBBC21BAC22E00D3F275 /* WKNativeBridge.swift */; };
		B3EDEBBE21BAC22E00D3F275 /* WKNativeBridge.swift in Sources */ = {isa = PBXBuildFile; fileRef = B3EDEBBC21BAC22E00D3F275 /* WKNativeBridge.swift */; };
/* End PBXBuildFile section */

/* Begin PBXContainerItemProxy section */
		B3EDEBAD21BAC11B00D3F275 /* PBXContainerItemProxy */ = {
			isa = PBXContainerItemProxy;
			containerPortal = B3EDEB9021BAC11900D3F275 /* Project object */;
			proxyType = 1;
			remoteGlobalIDString = B3EDEB9721BAC11900D3F275;
			remoteInfo = WKNativeBridge;
		};
/* End PBXContainerItemProxy section */

/* Begin PBXFileReference section */
		B3EDEB9821BAC11900D3F275 /* WKNativeBridge.app */ = {isa = PBXFileReference; explicitFileType = wrapper.application; includeInIndex = 0; path = WKNativeBridge.app; sourceTree = BUILT_PRODUCTS_DIR; };
		B3EDEB9B21BAC11900D3F275 /* AppDelegate.swift */ = {isa = PBXFileReference; lastKnownFileType = sourcecode.swift; path = AppDelegate.swift; sourceTree = "<group>"; };
		B3EDEB9D21BAC11900D3F275 /* ViewController.swift */ = {isa = PBXFileReference; lastKnownFileType = sourcecode.swift; path = ViewController.swift; sourceTree = "<group>"; };
		B3EDEBA021BAC11900D3F275 /* Base */ = {isa = PBXFileReference; lastKnownFileType = file.storyboard; name = Base; path = Base.lproj/Main.storyboard; sourceTree = "<group>"; };
		B3EDEBA221BAC11B00D3F275 /* Assets.xcassets */ = {isa = PBXFileReference; lastKnownFileType = folder.assetcatalog; path = Assets.xcassets; sourceTree = "<group>"; };
		B3EDEBA521BAC11B00D3F275 /* Base */ = {isa = PBXFileReference; lastKnownFileType = file.storyboard; name = Base; path = Base.lproj/LaunchScreen.storyboard; sourceTree = "<group>"; };
		B3EDEBA721BAC11B00D3F275 /* Info.plist */ = {isa = PBXFileReference; lastKnownFileType = text.plist.xml; path = Info.plist; sourceTree = "<group>"; };
		B3EDEBAC21BAC11B00D3F275 /* WKNativeBridgeTests.xctest */ = {isa = PBXFileReference; explicitFileType = wrapper.cfbundle; includeInIndex = 0; path = WKNativeBridgeTests.xctest; sourceTree = BUILT_PRODUCTS_DIR; };
		B3EDEBB021BAC11B00D3F275 /* WKNativeBridgeTests.swift */ = {isa = PBXFileReference; lastKnownFileType = sourcecode.swift; path = WKNativeBridgeTests.swift; sourceTree = "<group>"; };
		B3EDEBB221BAC11B00D3F275 /* Info.plist */ = {isa = PBXFileReference; lastKnownFileType = text.plist.xml; path = Info.plist; sourceTree = "<group>"; };
		B3EDEBBC21BAC22E00D3F275 /* WKNativeBridge.swift */ = {isa = PBXFileReference; fileEncoding = 4; lastKnownFileType = sourcecode.swift; path = WKNativeBridge.swift; sourceTree = "<group>"; };
/* End PBXFileReference section */

/* Begin PBXFrameworksBuildPhase section */
		B3EDEB9521BAC11900D3F275 /* Frameworks */ = {
			isa = PBXFrameworksBuildPhase;
			buildActionMask = 2147483647;
			files = (
			);
			runOnlyForDeploymentPostprocessing = 0;
		};
		B3EDEBA921BAC11B00D3F275 /* Frameworks */ = {
			isa = PBXFrameworksBuildPhase;
			buildActionMask = 2147483647;
			files = (
			);
			runOnlyForDeploymentPostprocessing = 0;
		};
/* End PBXFrameworksBuildPhase section */

/* Begin PBXGroup section */
		B3EDEB8F21BAC11900D3F275 = {
			isa = PBXGroup;
			children = (
				B3EDEBBB21BAC12700D3F275 /* WKNativeBridgeLib */,
				B3EDEB9A21BAC11900D3F275 /* WKNativeBridge */,
				B3EDEBAF21BAC11B00D3F275 /* WKNativeBridgeTests */,
				B3EDEB9921BAC11900D3F275 /* Products */,
			);
			sourceTree = "<group>";
		};
		B3EDEB9921BAC11900D3F275 /* Products */ = {
			isa = PBXGroup;
			children = (
				B3EDEB9821BAC11900D3F275 /* WKNativeBridge.app */,
				B3EDEBAC21BAC11B00D3F275 /* WKNativeBridgeTests.xctest */,
			);
			name = Products;
			sourceTree = "<group>";
		};
		B3EDEB9A21BAC11900D3F275 /* WKNativeBridge */ = {
			isa = PBXGroup;
			children = (
				B3EDEB9B21BAC11900D3F275 /* AppDelegate.swift */,
				B3EDEB9D21BAC11900D3F275 /* ViewController.swift */,
				B3EDEB9F21BAC11900D3F275 /* Main.storyboard */,
				B3EDEBA221BAC11B00D3F275 /* Assets.xcassets */,
				B3EDEBA421BAC11B00D3F275 /* LaunchScreen.storyboard */,
				B3EDEBA721BAC11B00D3F275 /* Info.plist */,
			);
			path = WKNativeBridge;
			sourceTree = "<group>";
		};
		B3EDEBAF21BAC11B00D3F275 /* WKNativeBridgeTests */ = {
			isa = PBXGroup;
			children = (
				B3EDEBB021BAC11B00D3F275 /* WKNativeBridgeTests.swift */,
				B3EDEBB221BAC11B00D3F275 /* Info.plist */,
			);
			path = WKNativeBridgeTests;
			sourceTree = "<group>";
		};
		B3EDEBBB21BAC12700D3F275 /* WKNativeBridgeLib */ = {
			isa = PBXGroup;
			children = (
				B3EDEBBC21BAC22E00D3F275 /* WKNativeBridge.swift */,
			);
			path = WKNativeBridgeLib;
			sourceTree = "<group>";
		};
/* End PBXGroup section */

/* Begin PBXNativeTarget section */
		B3EDEB9721BAC11900D3F275 /* WKNativeBridge */ = {
			isa = PBXNativeTarget;
			buildConfigurationList = B3EDEBB521BAC11B00D3F275 /* Build configuration list for PBXNativeTarget "WKNativeBridge" */;
			buildPhases = (
				B3EDEB9421BAC11900D3F275 /* Sources */,
				B3EDEB9521BAC11900D3F275 /* Frameworks */,
				B3EDEB9621BAC11900D3F275 /* Resources */,
			);
			buildRules = (
			);
			dependencies = (
			);
			name = WKNativeBridge;
			productName = WKNativeBridge;
			productReference = B3EDEB9821BAC11900D3F275 /* WKNativeBridge.app */;
			productType = "com.apple.product-type.application";
		};
		B3EDEBAB21BAC11B00D3F275 /* WKNativeBridgeTests */ = {
			isa = PBXNativeTarget;
			buildConfigurationList = B3EDEBB821BAC11B00D3F275 /* Build configuration list for PBXNativeTarget "WKNativeBridgeTests" */;
			buildPhases = (
				B3EDEBA821BAC11B00D3F275 /* Sources */,
				B3EDEBA921BAC11B00D3F275 /* Frameworks */,
				B3EDEBAA21BAC11B00D3F275 /* Resources */,
			);
			buildRules = (
			);
			dependencies = (
				B3EDEBAE21BAC11B00D3F275 /* PBXTargetDependency */,
			);
			name = WKNativeBridgeTests;
			productName = WKNativeBridgeTests;
			productReference = B3EDEBAC21BAC11B00D3F275 /* WKNativeBridgeTests.xctest */;
			productType = "com.apple.product-type.bundle.unit-test";
		};
/* End PBXNativeTarget section */

/* Begin PBXProject section */
		B3EDEB9021BAC11900D3F275 /* Project object */ = {
			isa = PBXProject;
			attributes = {
				LastSwiftUpdateCheck = 1010;
				LastUpgradeCheck = 1010;
				ORGANIZATIONNAME = Tapjet;
				TargetAttributes = {
					B3EDEB9721BAC11900D3F275 = {
						CreatedOnToolsVersion = 10.1;
					};
					B3EDEBAB21BAC11B00D3F275 = {
						CreatedOnToolsVersion = 10.1;
						TestTargetID = B3EDEB9721BAC11900D3F275;
					};
				};
			};
			buildConfigurationList = B3EDEB9321BAC11900D3F275 /* Build configuration list for PBXProject "WKNativeBridge" */;
			compatibilityVersion = "Xcode 9.3";
			developmentRegion = en;
			hasScannedForEncodings = 0;
			knownRegions = (
				en,
				Base,
			);
			mainGroup = B3EDEB8F21BAC11900D3F275;
			productRefGroup = B3EDEB9921BAC11900D3F275 /* Products */;
			projectDirPath = "";
			projectRoot = "";
			targets = (
				B3EDEB9721BAC11900D3F275 /* WKNativeBridge */,
				B3EDEBAB21BAC11B00D3F275 /* WKNativeBridgeTests */,
			);
		};
/* End PBXProject section */

/* Begin PBXResourcesBuildPhase section */
		B3EDEB9621BAC11900D3F275 /* Resources */ = {
			isa = PBXResourcesBuildPhase;
			buildActionMask = 2147483647;
			files = (
				B3EDEBA621BAC11B00D3F275 /* LaunchScreen.storyboard in Resources */,
				B3EDEBA321BAC11B00D3F275 /* Assets.xcassets in Resources */,
				B3EDEBA121BAC11900D3F275 /* Main.storyboard in Resources */,
			);
			runOnlyForDeploymentPostprocessing = 0;
		};
		B3EDEBAA21BAC11B00D3F275 /* Resources */ = {
			isa = PBXResourcesBuildPhase;
			buildActionMask = 2147483647;
			files = (
			);
			runOnlyForDeploymentPostprocessing = 0;
		};
/* End PBXResourcesBuildPhase section */

/* Begin PBXSourcesBuildPhase section */
		B3EDEB9421BAC11900D3F275 /* Sources */ = {
			isa = PBXSourcesBuildPhase;
			buildActionMask = 2147483647;
			files = (
				B3EDEB9E21BAC11900D3F275 /* ViewController.swift in Sources */,
				B3EDEB9C21BAC11900D3F275 /* AppDelegate.swift in Sources */,
				B3EDEBBD21BAC22E00D3F275 /* WKNativeBridge.swift in Sources */,
			);
			runOnlyForDeploymentPostprocessing = 0;
		};
		B3EDEBA821BAC11B00D3F275 /* Sources */ = {
			isa = PBXSourcesBuildPhase;
			buildActionMask = 2147483647;
			files = (
				B3EDEBB121BAC11B00D3F275 /* WKNativeBridgeTests.swift in Sources */,
				B3EDEBBE21BAC22E00D3F275 /* WKNativeBridge.swift in Sources */,
			);
			runOnlyForDeploymentPostprocessing = 0;
		};
/* End PBXSourcesBuildPhase section */

/* Begin PBXTargetDependency section */
		B3EDEBAE21BAC11B00D3F275 /* PBXTargetDependency */ = {
			isa = PBXTargetDependency;
			target = B3EDEB9721BAC11900D3F275 /* WKNativeBridge */;
			targetProxy = B3EDEBAD21BAC11B00D3F275 /* PBXContainerItemProxy */;
		};
/* End PBXTargetDependency section */

/* Begin PBXVariantGroup section */
		B3EDEB9F21BAC11900D3F275 /* Main.storyboard */ = {
			isa = PBXVariantGroup;
			children = (
				B3EDEBA021BAC11900D3F275 /* Base */,
			);
			name = Main.storyboard;
			sourceTree = "<group>";
		};
		B3EDEBA421BAC11B00D3F275 /* LaunchScreen.storyboard */ = {
			isa = PBXVariantGroup;
			children = (
				B3EDEBA521BAC11B00D3F275 /* Base */,
			);
			name = LaunchScreen.storyboard;
			sourceTree = "<group>";
		};
/* End PBXVariantGroup section */

/* Begin XCBuildConfiguration section */
		B3EDEBB321BAC11B00D3F275 /* Debug */ = {
			isa = XCBuildConfiguration;
			buildSettings = {
				ALWAYS_SEARCH_USER_PATHS = NO;
				CLANG_ANALYZER_NONNULL = YES;
				CLANG_ANALYZER_NUMBER_OBJECT_CONVERSION = YES_AGGRESSIVE;
				CLANG_CXX_LANGUAGE_STANDARD = "gnu++14";
				CLANG_CXX_LIBRARY = "libc++";
				CLANG_ENABLE_MODULES = YES;
				CLANG_ENABLE_OBJC_ARC = YES;
				CLANG_ENABLE_OBJC_WEAK = YES;
				CLANG_WARN_BLOCK_CAPTURE_AUTORELEASING = YES;
				CLANG_WARN_BOOL_CONVERSION = YES;
				CLANG_WARN_COMMA = YES;
				CLANG_WARN_CONSTANT_CONVERSION = YES;
				CLANG_WARN_DEPRECATED_OBJC_IMPLEMENTATIONS = YES;
				CLANG_WARN_DIRECT_OBJC_ISA_USAGE = YES_ERROR;
				CLANG_WARN_DOCUMENTATION_COMMENTS = YES;
				CLANG_WARN_EMPTY_BODY = YES;
				CLANG_WARN_ENUM_CONVERSION = YES;
				CLANG_WARN_INFINITE_RECURSION = YES;
				CLANG_WARN_INT_CONVERSION = YES;
				CLANG_WARN_NON_LITERAL_NULL_CONVERSION = YES;
				CLANG_WARN_OBJC_IMPLICIT_RETAIN_SELF = YES;
				CLANG_WARN_OBJC_LITERAL_CONVERSION = YES;
				CLANG_WARN_OBJC_ROOT_CLASS = YES_ERROR;
				CLANG_WARN_RANGE_LOOP_ANALYSIS = YES;
				CLANG_WARN_STRICT_PROTOTYPES = YES;
				CLANG_WARN_SUSPICIOUS_MOVE = YES;
				CLANG_WARN_UNGUARDED_AVAILABILITY = YES_AGGRESSIVE;
				CLANG_WARN_UNREACHABLE_CODE = YES;
				CLANG_WARN__DUPLICATE_METHOD_MATCH = YES;
				CODE_SIGN_IDENTITY = "iPhone Developer";
				COPY_PHASE_STRIP = NO;
				DEBUG_INFORMATION_FORMAT = dwarf;
				ENABLE_STRICT_OBJC_MSGSEND = YES;
				ENABLE_TESTABILITY = YES;
				GCC_C_LANGUAGE_STANDARD = gnu11;
				GCC_DYNAMIC_NO_PIC = NO;
				GCC_NO_COMMON_BLOCKS = YES;
				GCC_OPTIMIZATION_LEVEL = 0;
				GCC_PREPROCESSOR_DEFINITIONS = (
					"DEBUG=1",
					"$(inherited)",
				);
				GCC_WARN_64_TO_32_BIT_CONVERSION = YES;
				GCC_WARN_ABOUT_RETURN_TYPE = YES_ERROR;
				GCC_WARN_UNDECLARED_SELECTOR = YES;
				GCC_WARN_UNINITIALIZED_AUTOS = YES_AGGRESSIVE;
				GCC_WARN_UNUSED_FUNCTION = YES;
				GCC_WARN_UNUSED_VARIABLE = YES;
				IPHONEOS_DEPLOYMENT_TARGET = 9.0;
				MTL_ENABLE_DEBUG_INFO = INCLUDE_SOURCE;
				MTL_FAST_MATH = YES;
				ONLY_ACTIVE_ARCH = YES;
				SDKROOT = iphoneos;
				SWIFT_ACTIVE_COMPILATION_CONDITIONS = DEBUG;
				SWIFT_OPTIMIZATION_LEVEL = "-Onone";
			};
			name = Debug;
		};
		B3EDEBB421BAC11B00D3F275 /* Release */ = {
			isa = XCBuildConfiguration;
			buildSettings = {
				ALWAYS_SEARCH_USER_PATHS = NO;
				CLANG_ANALYZER_NONNULL = YES;
				CLANG_ANALYZER_NUMBER_OBJECT_CONVERSION = YES_AGGRESSIVE;
				CLANG_CXX_LANGUAGE_STANDARD = "gnu++14";
				CLANG_CXX_LIBRARY = "libc++";
				CLANG_ENABLE_MODULES = YES;
				CLANG_ENABLE_OBJC_ARC = YES;
				CLANG_ENABLE_OBJC_WEAK = YES;
				CLANG_WARN_BLOCK_CAPTURE_AUTORELEASING = YES;
				CLANG_WARN_BOOL_CONVERSION = YES;
				CLANG_WARN_COMMA = YES;
				CLANG_WARN_CONSTANT_CONVERSION = YES;
				CLANG_WARN_DEPRECATED_OBJC_IMPLEMENTATIONS = YES;
				CLANG_WARN_DIRECT_OBJC_ISA_USAGE = YES_ERROR;
				CLANG_WARN_DOCUMENTATION_COMMENTS = YES;
				CLANG_WARN_EMPTY_BODY = YES;
				CLANG_WARN_ENUM_CONVERSION = YES;
				CLANG_WARN_INFINITE_RECURSION = YES;
				CLANG_WARN_INT_CONVERSION = YES;
				CLANG_WARN_NON_LITERAL_NULL_CONVERSION = YES;
				CLANG_WARN_OBJC_IMPLICIT_RETAIN_SELF = YES;
				CLANG_WARN_OBJC_LITERAL_CONVERSION = YES;
				CLANG_WARN_OBJC_ROOT_CLASS = YES_ERROR;
				CLANG_WARN_RANGE_LOOP_ANALYSIS = YES;
				CLANG_WARN_STRICT_PROTOTYPES = YES;
				CLANG_WARN_SUSPICIOUS_MOVE = YES;
				CLANG_WARN_UNGUARDED_AVAILABILITY = YES_AGGRESSIVE;
				CLANG_WARN_UNREACHABLE_CODE = YES;
				CLANG_WARN__DUPLICATE_METHOD_MATCH = YES;
				CODE_SIGN_IDENTITY = "iPhone Developer";
				COPY_PHASE_STRIP = NO;
				DEBUG_INFORMATION_FORMAT = "dwarf-with-dsym";
				ENABLE_NS_ASSERTIONS = NO;
				ENABLE_STRICT_OBJC_MSGSEND = YES;
				GCC_C_LANGUAGE_STANDARD = gnu11;
				GCC_NO_COMMON_BLOCKS = YES;
				GCC_WARN_64_TO_32_BIT_CONVERSION = YES;
				GCC_WARN_ABOUT_RETURN_TYPE = YES_ERROR;
				GCC_WARN_UNDECLARED_SELECTOR = YES;
				GCC_WARN_UNINITIALIZED_AUTOS = YES_AGGRESSIVE;
				GCC_WARN_UNUSED_FUNCTION = YES;
				GCC_WARN_UNUSED_VARIABLE = YES;
				IPHONEOS_DEPLOYMENT_TARGET = 9.0;
				MTL_ENABLE_DEBUG_INFO = NO;
				MTL_FAST_MATH = YES;
				SDKROOT = iphoneos;
				SWIFT_COMPILATION_MODE = wholemodule;
				SWIFT_OPTIMIZATION_LEVEL = "-O";
				VALIDATE_PRODUCT = YES;
			};
			name = Release;
		};
		B3EDEBB621BAC11B00D3F275 /* Debug */ = {
			isa = XCBuildConfiguration;
			buildSettings = {
				ASSETCATALOG_COMPILER_APPICON_NAME = AppIcon;
				CODE_SIGN_STYLE = Automatic;
				DEVELOPMENT_TEAM = RFG7S7F6G3;
				INFOPLIST_FILE = WKNativeBridge/Info.plist;
				LD_RUNPATH_SEARCH_PATHS = (
					"$(inherited)",
					"@executable_path/Frameworks",
				);
				PRODUCT_BUNDLE_IDENTIFIER = co.tapjet.WKNativeBridge;
				PRODUCT_NAME = "$(TARGET_NAME)";
				SWIFT_VERSION = 4.2;
				TARGETED_DEVICE_FAMILY = "1,2";
			};
			name = Debug;
		};
		B3EDEBB721BAC11B00D3F275 /* Release */ = {
			isa = XCBuildConfiguration;
			buildSettings = {
				ASSETCATALOG_COMPILER_APPICON_NAME = AppIcon;
				CODE_SIGN_STYLE = Automatic;
				DEVELOPMENT_TEAM = RFG7S7F6G3;
				INFOPLIST_FILE = WKNativeBridge/Info.plist;
				LD_RUNPATH_SEARCH_PATHS = (
					"$(inherited)",
					"@executable_path/Frameworks",
				);
				PRODUCT_BUNDLE_IDENTIFIER = co.tapjet.WKNativeBridge;
				PRODUCT_NAME = "$(TARGET_NAME)";
				SWIFT_VERSION = 4.2;
				TARGETED_DEVICE_FAMILY = "1,2";
			};
			name = Release;
		};
		B3EDEBB921BAC11B00D3F275 /* Debug */ = {
			isa = XCBuildConfiguration;
			buildSettings = {
				ALWAYS_EMBED_SWIFT_STANDARD_LIBRARIES = YES;
				BUNDLE_LOADER = "$(TEST_HOST)";
				CODE_SIGN_STYLE = Automatic;
				DEVELOPMENT_TEAM = RFG7S7F6G3;
				INFOPLIST_FILE = WKNativeBridgeTests/Info.plist;
				LD_RUNPATH_SEARCH_PATHS = (
					"$(inherited)",
					"@executable_path/Frameworks",
					"@loader_path/Frameworks",
				);
				PRODUCT_BUNDLE_IDENTIFIER = co.tapjet.WKNativeBridgeTests;
				PRODUCT_NAME = "$(TARGET_NAME)";
				SWIFT_VERSION = 4.2;
				TARGETED_DEVICE_FAMILY = "1,2";
				TEST_HOST = "$(BUILT_PRODUCTS_DIR)/WKNativeBridge.app/WKNativeBridge";
			};
			name = Debug;
		};
		B3EDEBBA21BAC11B00D3F275 /* Release */ = {
			isa = XCBuildConfiguration;
			buildSettings = {
				ALWAYS_EMBED_SWIFT_STANDARD_LIBRARIES = YES;
				BUNDLE_LOADER = "$(TEST_HOST)";
				CODE_SIGN_STYLE = Automatic;
				DEVELOPMENT_TEAM = RFG7S7F6G3;
				INFOPLIST_FILE = WKNativeBridgeTests/Info.plist;
				LD_RUNPATH_SEARCH_PATHS = (
					"$(inherited)",
					"@executable_path/Frameworks",
					"@loader_path/Frameworks",
				);
				PRODUCT_BUNDLE_IDENTIFIER = co.tapjet.WKNativeBridgeTests;
				PRODUCT_NAME = "$(TARGET_NAME)";
				SWIFT_VERSION = 4.2;
				TARGETED_DEVICE_FAMILY = "1,2";
				TEST_HOST = "$(BUILT_PRODUCTS_DIR)/WKNativeBridge.app/WKNativeBridge";
			};
			name = Release;
		};
/* End XCBuildConfiguration section */

/* Begin XCConfigurationList section */
		B3EDEB9321BAC11900D3F275 /* Build configuration list for PBXProject "WKNativeBridge" */ = {
			isa = XCConfigurationList;
			buildConfigurations = (
				B3EDEBB321BAC11B00D3F275 /* Debug */,
				B3EDEBB421BAC11B00D3F275 /* Release */,
			);
			defaultConfigurationIsVisible = 0;
			defaultConfigurationName = Release;
		};
		B3EDEBB521BAC11B00D3F275 /* Build configuration list for PBXNativeTarget "WKNativeBridge" */ = {
			isa = XCConfigurationList;
			buildConfigurations = (
				B3EDEBB621BAC11B00D3F275 /* Debug */,
				B3EDEBB721BAC11B00D3F275 /* Release */,
			);
			defaultConfigurationIsVisible = 0;
			defaultConfigurationName = Release;
		};
		B3EDEBB821BAC11B00D3F275 /* Build configuration list for PBXNativeTarget "WKNativeBridgeTests" */ = {
			isa = XCConfigurationList;
			buildConfigurations = (
				B3EDEBB921BAC11B00D3F275 /* Debug */,
				B3EDEBBA21BAC11B00D3F275 /* Release */,
			);
			defaultConfigurationIsVisible = 0;
			defaultConfigurationName = Release;
		};
/* End XCConfigurationList section */
	};
	rootObject = B3EDEB9021BAC11900D3F275 /* Project object */;
}
